// !$*UTF8*$!
{
	archiveVersion = 1;
	classes = {
	};
	objectVersion = 55;
	objects = {

/* Begin PBXBuildFile section */
		35DD4B4729E673C7C7194794 /* Pods_RoveSoApple_RoveSoAppleUITests.framework in Frameworks */ = {isa = PBXBuildFile; fileRef = AA2F719B296A6E26FB3145D0 /* Pods_RoveSoApple_RoveSoAppleUITests.framework */; };
		4F5416CB47177D89E9E15BCF /* Pods_RoveSoAppleTests.framework in Frameworks */ = {isa = PBXBuildFile; fileRef = 6FB9956F5975BCCD22072751 /* Pods_RoveSoAppleTests.framework */; };
		7D4A04264D518729AC5EAB11 /* Pods_RoveSoApple.framework in Frameworks */ = {isa = PBXBuildFile; fileRef = 0B90BF9F529647416BA6FFC2 /* Pods_RoveSoApple.framework */; };
		A615B9BE2954398600333F17 /* Sliders in Frameworks */ = {isa = PBXBuildFile; productRef = A615B9BD2954398600333F17 /* Sliders */; };
		A615B9C029545D6800333F17 /* LocationManager.swift in Sources */ = {isa = PBXBuildFile; fileRef = A615B9BF29545D6800333F17 /* LocationManager.swift */; };
		A6C5C55F27F4D7CB00243DBB /* LightingView.swift in Sources */ = {isa = PBXBuildFile; fileRef = A6C5C55E27F4D7CB00243DBB /* LightingView.swift */; };
		A6C5C56127F4D7D900243DBB /* DrivingView.swift in Sources */ = {isa = PBXBuildFile; fileRef = A6C5C56027F4D7D900243DBB /* DrivingView.swift */; };
		A6C5C56327F4D80700243DBB /* EStopView.swift in Sources */ = {isa = PBXBuildFile; fileRef = A6C5C56227F4D80700243DBB /* EStopView.swift */; };
		A6C5C56527F4D81400243DBB /* AutonomyView.swift in Sources */ = {isa = PBXBuildFile; fileRef = A6C5C56427F4D81400243DBB /* AutonomyView.swift */; };
		A6C5C56727F4D82100243DBB /* SettingsView.swift in Sources */ = {isa = PBXBuildFile; fileRef = A6C5C56627F4D82100243DBB /* SettingsView.swift */; };
		A6CA2F8E27F4C721009BF5E2 /* RoveSoAppleApp.swift in Sources */ = {isa = PBXBuildFile; fileRef = A6CA2F8D27F4C721009BF5E2 /* RoveSoAppleApp.swift */; };
		A6CA2F9027F4C721009BF5E2 /* ContentView.swift in Sources */ = {isa = PBXBuildFile; fileRef = A6CA2F8F27F4C721009BF5E2 /* ContentView.swift */; };
		A6CA2F9227F4C724009BF5E2 /* Assets.xcassets in Resources */ = {isa = PBXBuildFile; fileRef = A6CA2F9127F4C724009BF5E2 /* Assets.xcassets */; };
		A6CA2F9527F4C724009BF5E2 /* Preview Assets.xcassets in Resources */ = {isa = PBXBuildFile; fileRef = A6CA2F9427F4C724009BF5E2 /* Preview Assets.xcassets */; };
		A6CA2F9F27F4C725009BF5E2 /* RoveSoAppleTests.swift in Sources */ = {isa = PBXBuildFile; fileRef = A6CA2F9E27F4C725009BF5E2 /* RoveSoAppleTests.swift */; };
		A6CA2FA927F4C725009BF5E2 /* RoveSoAppleUITests.swift in Sources */ = {isa = PBXBuildFile; fileRef = A6CA2FA827F4C725009BF5E2 /* RoveSoAppleUITests.swift */; };
		A6CA2FAB27F4C725009BF5E2 /* RoveSoAppleUITestsLaunchTests.swift in Sources */ = {isa = PBXBuildFile; fileRef = A6CA2FAA27F4C725009BF5E2 /* RoveSoAppleUITestsLaunchTests.swift */; };
		A6E2F41C27F72DCC000987C7 /* Socket_Handler.swift in Sources */ = {isa = PBXBuildFile; fileRef = A6E2F41B27F72DCC000987C7 /* Socket_Handler.swift */; };
		A6E2F41E27F73A69000987C7 /* Packet_Sender.swift in Sources */ = {isa = PBXBuildFile; fileRef = A6E2F41D27F73A69000987C7 /* Packet_Sender.swift */; };
		A6ED19B327F4EE6C00933793 /* Constants.swift in Sources */ = {isa = PBXBuildFile; fileRef = A6ED19B227F4EE6C00933793 /* Constants.swift */; };
/* End PBXBuildFile section */

/* Begin PBXContainerItemProxy section */
		A6CA2F9B27F4C725009BF5E2 /* PBXContainerItemProxy */ = {
			isa = PBXContainerItemProxy;
			containerPortal = A6CA2F8227F4C721009BF5E2 /* Project object */;
			proxyType = 1;
			remoteGlobalIDString = A6CA2F8927F4C721009BF5E2;
			remoteInfo = RoveSoApple;
		};
		A6CA2FA527F4C725009BF5E2 /* PBXContainerItemProxy */ = {
			isa = PBXContainerItemProxy;
			containerPortal = A6CA2F8227F4C721009BF5E2 /* Project object */;
			proxyType = 1;
			remoteGlobalIDString = A6CA2F8927F4C721009BF5E2;
			remoteInfo = RoveSoApple;
		};
/* End PBXContainerItemProxy section */

/* Begin PBXFileReference section */
		0B90BF9F529647416BA6FFC2 /* Pods_RoveSoApple.framework */ = {isa = PBXFileReference; explicitFileType = wrapper.framework; includeInIndex = 0; path = Pods_RoveSoApple.framework; sourceTree = BUILT_PRODUCTS_DIR; };
		0E967D4E50BDBE53EABE95F5 /* Pods-RoveSoApple-RoveSoAppleUITests.release.xcconfig */ = {isa = PBXFileReference; includeInIndex = 1; lastKnownFileType = text.xcconfig; name = "Pods-RoveSoApple-RoveSoAppleUITests.release.xcconfig"; path = "Target Support Files/Pods-RoveSoApple-RoveSoAppleUITests/Pods-RoveSoApple-RoveSoAppleUITests.release.xcconfig"; sourceTree = "<group>"; };
		1F7381BD316CFC9AF016E4BF /* Pods-RoveSoApple-RoveSoAppleUITests.debug.xcconfig */ = {isa = PBXFileReference; includeInIndex = 1; lastKnownFileType = text.xcconfig; name = "Pods-RoveSoApple-RoveSoAppleUITests.debug.xcconfig"; path = "Target Support Files/Pods-RoveSoApple-RoveSoAppleUITests/Pods-RoveSoApple-RoveSoAppleUITests.debug.xcconfig"; sourceTree = "<group>"; };
		4694C58F88F9975D22635D8F /* Pods-RoveSoApple.debug.xcconfig */ = {isa = PBXFileReference; includeInIndex = 1; lastKnownFileType = text.xcconfig; name = "Pods-RoveSoApple.debug.xcconfig"; path = "Target Support Files/Pods-RoveSoApple/Pods-RoveSoApple.debug.xcconfig"; sourceTree = "<group>"; };
		6265CB480EE342272D4FDB6F /* Pods-RoveSoAppleTests.release.xcconfig */ = {isa = PBXFileReference; includeInIndex = 1; lastKnownFileType = text.xcconfig; name = "Pods-RoveSoAppleTests.release.xcconfig"; path = "Target Support Files/Pods-RoveSoAppleTests/Pods-RoveSoAppleTests.release.xcconfig"; sourceTree = "<group>"; };
		6FB9956F5975BCCD22072751 /* Pods_RoveSoAppleTests.framework */ = {isa = PBXFileReference; explicitFileType = wrapper.framework; includeInIndex = 0; path = Pods_RoveSoAppleTests.framework; sourceTree = BUILT_PRODUCTS_DIR; };
		A615B9BF29545D6800333F17 /* LocationManager.swift */ = {isa = PBXFileReference; lastKnownFileType = sourcecode.swift; path = LocationManager.swift; sourceTree = "<group>"; };
		A6C5C55E27F4D7CB00243DBB /* LightingView.swift */ = {isa = PBXFileReference; lastKnownFileType = sourcecode.swift; path = LightingView.swift; sourceTree = "<group>"; };
		A6C5C56027F4D7D900243DBB /* DrivingView.swift */ = {isa = PBXFileReference; lastKnownFileType = sourcecode.swift; path = DrivingView.swift; sourceTree = "<group>"; };
		A6C5C56227F4D80700243DBB /* EStopView.swift */ = {isa = PBXFileReference; lastKnownFileType = sourcecode.swift; path = EStopView.swift; sourceTree = "<group>"; };
		A6C5C56427F4D81400243DBB /* AutonomyView.swift */ = {isa = PBXFileReference; lastKnownFileType = sourcecode.swift; path = AutonomyView.swift; sourceTree = "<group>"; };
		A6C5C56627F4D82100243DBB /* SettingsView.swift */ = {isa = PBXFileReference; lastKnownFileType = sourcecode.swift; path = SettingsView.swift; sourceTree = "<group>"; };
		A6C5C56A27F4DF1C00243DBB /* Info.plist */ = {isa = PBXFileReference; lastKnownFileType = text.plist; path = Info.plist; sourceTree = "<group>"; };
		A6CA2F8A27F4C721009BF5E2 /* RoveSoApple.app */ = {isa = PBXFileReference; explicitFileType = wrapper.application; includeInIndex = 0; path = RoveSoApple.app; sourceTree = BUILT_PRODUCTS_DIR; };
		A6CA2F8D27F4C721009BF5E2 /* RoveSoAppleApp.swift */ = {isa = PBXFileReference; lastKnownFileType = sourcecode.swift; path = RoveSoAppleApp.swift; sourceTree = "<group>"; };
		A6CA2F8F27F4C721009BF5E2 /* ContentView.swift */ = {isa = PBXFileReference; lastKnownFileType = sourcecode.swift; path = ContentView.swift; sourceTree = "<group>"; };
		A6CA2F9127F4C724009BF5E2 /* Assets.xcassets */ = {isa = PBXFileReference; lastKnownFileType = folder.assetcatalog; path = Assets.xcassets; sourceTree = "<group>"; };
		A6CA2F9427F4C724009BF5E2 /* Preview Assets.xcassets */ = {isa = PBXFileReference; lastKnownFileType = folder.assetcatalog; path = "Preview Assets.xcassets"; sourceTree = "<group>"; };
		A6CA2F9A27F4C725009BF5E2 /* RoveSoAppleTests.xctest */ = {isa = PBXFileReference; explicitFileType = wrapper.cfbundle; includeInIndex = 0; path = RoveSoAppleTests.xctest; sourceTree = BUILT_PRODUCTS_DIR; };
		A6CA2F9E27F4C725009BF5E2 /* RoveSoAppleTests.swift */ = {isa = PBXFileReference; lastKnownFileType = sourcecode.swift; path = RoveSoAppleTests.swift; sourceTree = "<group>"; };
		A6CA2FA427F4C725009BF5E2 /* RoveSoAppleUITests.xctest */ = {isa = PBXFileReference; explicitFileType = wrapper.cfbundle; includeInIndex = 0; path = RoveSoAppleUITests.xctest; sourceTree = BUILT_PRODUCTS_DIR; };
		A6CA2FA827F4C725009BF5E2 /* RoveSoAppleUITests.swift */ = {isa = PBXFileReference; lastKnownFileType = sourcecode.swift; path = RoveSoAppleUITests.swift; sourceTree = "<group>"; };
		A6CA2FAA27F4C725009BF5E2 /* RoveSoAppleUITestsLaunchTests.swift */ = {isa = PBXFileReference; lastKnownFileType = sourcecode.swift; path = RoveSoAppleUITestsLaunchTests.swift; sourceTree = "<group>"; };
		A6E2F41B27F72DCC000987C7 /* Socket_Handler.swift */ = {isa = PBXFileReference; lastKnownFileType = sourcecode.swift; path = Socket_Handler.swift; sourceTree = "<group>"; };
		A6E2F41D27F73A69000987C7 /* Packet_Sender.swift */ = {isa = PBXFileReference; lastKnownFileType = sourcecode.swift; path = Packet_Sender.swift; sourceTree = "<group>"; };
		A6ED19B227F4EE6C00933793 /* Constants.swift */ = {isa = PBXFileReference; lastKnownFileType = sourcecode.swift; path = Constants.swift; sourceTree = "<group>"; };
		AA2F719B296A6E26FB3145D0 /* Pods_RoveSoApple_RoveSoAppleUITests.framework */ = {isa = PBXFileReference; explicitFileType = wrapper.framework; includeInIndex = 0; path = Pods_RoveSoApple_RoveSoAppleUITests.framework; sourceTree = BUILT_PRODUCTS_DIR; };
		CBE1A6E4DDD598FAB2750DF1 /* Pods-RoveSoApple.release.xcconfig */ = {isa = PBXFileReference; includeInIndex = 1; lastKnownFileType = text.xcconfig; name = "Pods-RoveSoApple.release.xcconfig"; path = "Target Support Files/Pods-RoveSoApple/Pods-RoveSoApple.release.xcconfig"; sourceTree = "<group>"; };
		E79F163DEBED51AE78E9D24B /* Pods-RoveSoAppleTests.debug.xcconfig */ = {isa = PBXFileReference; includeInIndex = 1; lastKnownFileType = text.xcconfig; name = "Pods-RoveSoAppleTests.debug.xcconfig"; path = "Target Support Files/Pods-RoveSoAppleTests/Pods-RoveSoAppleTests.debug.xcconfig"; sourceTree = "<group>"; };
/* End PBXFileReference section */

/* Begin PBXFrameworksBuildPhase section */
		A6CA2F8727F4C721009BF5E2 /* Frameworks */ = {
			isa = PBXFrameworksBuildPhase;
			buildActionMask = 2147483647;
			files = (
				7D4A04264D518729AC5EAB11 /* Pods_RoveSoApple.framework in Frameworks */,
				A615B9BE2954398600333F17 /* Sliders in Frameworks */,
			);
			runOnlyForDeploymentPostprocessing = 0;
		};
		A6CA2F9727F4C725009BF5E2 /* Frameworks */ = {
			isa = PBXFrameworksBuildPhase;
			buildActionMask = 2147483647;
			files = (
				4F5416CB47177D89E9E15BCF /* Pods_RoveSoAppleTests.framework in Frameworks */,
			);
			runOnlyForDeploymentPostprocessing = 0;
		};
		A6CA2FA127F4C725009BF5E2 /* Frameworks */ = {
			isa = PBXFrameworksBuildPhase;
			buildActionMask = 2147483647;
			files = (
				35DD4B4729E673C7C7194794 /* Pods_RoveSoApple_RoveSoAppleUITests.framework in Frameworks */,
			);
			runOnlyForDeploymentPostprocessing = 0;
		};
/* End PBXFrameworksBuildPhase section */

/* Begin PBXGroup section */
		36C8F5A79A8C429FDAACB3C5 /* Frameworks */ = {
			isa = PBXGroup;
			children = (
				0B90BF9F529647416BA6FFC2 /* Pods_RoveSoApple.framework */,
				AA2F719B296A6E26FB3145D0 /* Pods_RoveSoApple_RoveSoAppleUITests.framework */,
				6FB9956F5975BCCD22072751 /* Pods_RoveSoAppleTests.framework */,
			);
			name = Frameworks;
			sourceTree = "<group>";
		};
		A08000271D592063BC83FC00 /* Pods */ = {
			isa = PBXGroup;
			children = (
				4694C58F88F9975D22635D8F /* Pods-RoveSoApple.debug.xcconfig */,
				CBE1A6E4DDD598FAB2750DF1 /* Pods-RoveSoApple.release.xcconfig */,
				1F7381BD316CFC9AF016E4BF /* Pods-RoveSoApple-RoveSoAppleUITests.debug.xcconfig */,
				0E967D4E50BDBE53EABE95F5 /* Pods-RoveSoApple-RoveSoAppleUITests.release.xcconfig */,
				E79F163DEBED51AE78E9D24B /* Pods-RoveSoAppleTests.debug.xcconfig */,
				6265CB480EE342272D4FDB6F /* Pods-RoveSoAppleTests.release.xcconfig */,
			);
			path = Pods;
			sourceTree = "<group>";
		};
		A6C5C55D27F4D75500243DBB /* Views */ = {
			isa = PBXGroup;
			children = (
				A6C5C55E27F4D7CB00243DBB /* LightingView.swift */,
				A6C5C56027F4D7D900243DBB /* DrivingView.swift */,
				A6C5C56227F4D80700243DBB /* EStopView.swift */,
				A6C5C56427F4D81400243DBB /* AutonomyView.swift */,
				A6C5C56627F4D82100243DBB /* SettingsView.swift */,
			);
			path = Views;
			sourceTree = "<group>";
		};
		A6CA2F8127F4C721009BF5E2 = {
			isa = PBXGroup;
			children = (
				A6CA2F8C27F4C721009BF5E2 /* RoveSoApple */,
				A6CA2F9D27F4C725009BF5E2 /* RoveSoAppleTests */,
				A6CA2FA727F4C725009BF5E2 /* RoveSoAppleUITests */,
				A6CA2F8B27F4C721009BF5E2 /* Products */,
				A08000271D592063BC83FC00 /* Pods */,
				36C8F5A79A8C429FDAACB3C5 /* Frameworks */,
			);
			sourceTree = "<group>";
		};
		A6CA2F8B27F4C721009BF5E2 /* Products */ = {
			isa = PBXGroup;
			children = (
				A6CA2F8A27F4C721009BF5E2 /* RoveSoApple.app */,
				A6CA2F9A27F4C725009BF5E2 /* RoveSoAppleTests.xctest */,
				A6CA2FA427F4C725009BF5E2 /* RoveSoAppleUITests.xctest */,
			);
			name = Products;
			sourceTree = "<group>";
		};
		A6CA2F8C27F4C721009BF5E2 /* RoveSoApple */ = {
			isa = PBXGroup;
			children = (
				A6C5C56A27F4DF1C00243DBB /* Info.plist */,
				A6C5C55D27F4D75500243DBB /* Views */,
				A6CA2F8D27F4C721009BF5E2 /* RoveSoAppleApp.swift */,
				A6CA2F8F27F4C721009BF5E2 /* ContentView.swift */,
				A6ED19B227F4EE6C00933793 /* Constants.swift */,
				A6E2F41D27F73A69000987C7 /* Packet_Sender.swift */,
				A6E2F41B27F72DCC000987C7 /* Socket_Handler.swift */,
				A6CA2F9127F4C724009BF5E2 /* Assets.xcassets */,
				A6CA2F9327F4C724009BF5E2 /* Preview Content */,
				A615B9BF29545D6800333F17 /* LocationManager.swift */,
			);
			path = RoveSoApple;
			sourceTree = "<group>";
		};
		A6CA2F9327F4C724009BF5E2 /* Preview Content */ = {
			isa = PBXGroup;
			children = (
				A6CA2F9427F4C724009BF5E2 /* Preview Assets.xcassets */,
			);
			path = "Preview Content";
			sourceTree = "<group>";
		};
		A6CA2F9D27F4C725009BF5E2 /* RoveSoAppleTests */ = {
			isa = PBXGroup;
			children = (
				A6CA2F9E27F4C725009BF5E2 /* RoveSoAppleTests.swift */,
			);
			path = RoveSoAppleTests;
			sourceTree = "<group>";
		};
		A6CA2FA727F4C725009BF5E2 /* RoveSoAppleUITests */ = {
			isa = PBXGroup;
			children = (
				A6CA2FA827F4C725009BF5E2 /* RoveSoAppleUITests.swift */,
				A6CA2FAA27F4C725009BF5E2 /* RoveSoAppleUITestsLaunchTests.swift */,
			);
			path = RoveSoAppleUITests;
			sourceTree = "<group>";
		};
/* End PBXGroup section */

/* Begin PBXNativeTarget section */
		A6CA2F8927F4C721009BF5E2 /* RoveSoApple */ = {
			isa = PBXNativeTarget;
			buildConfigurationList = A6CA2FAE27F4C725009BF5E2 /* Build configuration list for PBXNativeTarget "RoveSoApple" */;
			buildPhases = (
				88B21165852E527F2F2C5D7F /* [CP] Check Pods Manifest.lock */,
				A6CA2F8627F4C721009BF5E2 /* Sources */,
				A6CA2F8727F4C721009BF5E2 /* Frameworks */,
				A6CA2F8827F4C721009BF5E2 /* Resources */,
				D209AEDDF5749D4A662487DC /* [CP] Embed Pods Frameworks */,
			);
			buildRules = (
			);
			dependencies = (
			);
			name = RoveSoApple;
			packageProductDependencies = (
				A615B9BD2954398600333F17 /* Sliders */,
			);
			productName = RoveSoApple;
			productReference = A6CA2F8A27F4C721009BF5E2 /* RoveSoApple.app */;
			productType = "com.apple.product-type.application";
		};
		A6CA2F9927F4C725009BF5E2 /* RoveSoAppleTests */ = {
			isa = PBXNativeTarget;
			buildConfigurationList = A6CA2FB127F4C725009BF5E2 /* Build configuration list for PBXNativeTarget "RoveSoAppleTests" */;
			buildPhases = (
				2618BAB6C5F0D89A48A643FD /* [CP] Check Pods Manifest.lock */,
				A6CA2F9627F4C725009BF5E2 /* Sources */,
				A6CA2F9727F4C725009BF5E2 /* Frameworks */,
				A6CA2F9827F4C725009BF5E2 /* Resources */,
			);
			buildRules = (
			);
			dependencies = (
				A6CA2F9C27F4C725009BF5E2 /* PBXTargetDependency */,
			);
			name = RoveSoAppleTests;
			productName = RoveSoAppleTests;
			productReference = A6CA2F9A27F4C725009BF5E2 /* RoveSoAppleTests.xctest */;
			productType = "com.apple.product-type.bundle.unit-test";
		};
		A6CA2FA327F4C725009BF5E2 /* RoveSoAppleUITests */ = {
			isa = PBXNativeTarget;
			buildConfigurationList = A6CA2FB427F4C725009BF5E2 /* Build configuration list for PBXNativeTarget "RoveSoAppleUITests" */;
			buildPhases = (
				25E602804F22F67E36282001 /* [CP] Check Pods Manifest.lock */,
				A6CA2FA027F4C725009BF5E2 /* Sources */,
				A6CA2FA127F4C725009BF5E2 /* Frameworks */,
				A6CA2FA227F4C725009BF5E2 /* Resources */,
				00D1803622233838F7298918 /* [CP] Embed Pods Frameworks */,
			);
			buildRules = (
			);
			dependencies = (
				A6CA2FA627F4C725009BF5E2 /* PBXTargetDependency */,
			);
			name = RoveSoAppleUITests;
			productName = RoveSoAppleUITests;
			productReference = A6CA2FA427F4C725009BF5E2 /* RoveSoAppleUITests.xctest */;
			productType = "com.apple.product-type.bundle.ui-testing";
		};
/* End PBXNativeTarget section */

/* Begin PBXProject section */
		A6CA2F8227F4C721009BF5E2 /* Project object */ = {
			isa = PBXProject;
			attributes = {
				BuildIndependentTargetsInParallel = 1;
				LastSwiftUpdateCheck = 1330;
				LastUpgradeCheck = 1330;
				TargetAttributes = {
					A6CA2F8927F4C721009BF5E2 = {
						CreatedOnToolsVersion = 13.3;
						LastSwiftMigration = 1420;
					};
					A6CA2F9927F4C725009BF5E2 = {
						CreatedOnToolsVersion = 13.3;
						TestTargetID = A6CA2F8927F4C721009BF5E2;
					};
					A6CA2FA327F4C725009BF5E2 = {
						CreatedOnToolsVersion = 13.3;
						TestTargetID = A6CA2F8927F4C721009BF5E2;
					};
				};
			};
			buildConfigurationList = A6CA2F8527F4C721009BF5E2 /* Build configuration list for PBXProject "RoveSoApple" */;
			compatibilityVersion = "Xcode 13.0";
			developmentRegion = en;
			hasScannedForEncodings = 0;
			knownRegions = (
				en,
				Base,
			);
			mainGroup = A6CA2F8127F4C721009BF5E2;
			packageReferences = (
				A615B9BC2954398600333F17 /* XCRemoteSwiftPackageReference "swiftui-sliders" */,
			);
			productRefGroup = A6CA2F8B27F4C721009BF5E2 /* Products */;
			projectDirPath = "";
			projectRoot = "";
			targets = (
				A6CA2F8927F4C721009BF5E2 /* RoveSoApple */,
				A6CA2F9927F4C725009BF5E2 /* RoveSoAppleTests */,
				A6CA2FA327F4C725009BF5E2 /* RoveSoAppleUITests */,
			);
		};
/* End PBXProject section */

/* Begin PBXResourcesBuildPhase section */
		A6CA2F8827F4C721009BF5E2 /* Resources */ = {
			isa = PBXResourcesBuildPhase;
			buildActionMask = 2147483647;
			files = (
				A6CA2F9527F4C724009BF5E2 /* Preview Assets.xcassets in Resources */,
				A6CA2F9227F4C724009BF5E2 /* Assets.xcassets in Resources */,
			);
			runOnlyForDeploymentPostprocessing = 0;
		};
		A6CA2F9827F4C725009BF5E2 /* Resources */ = {
			isa = PBXResourcesBuildPhase;
			buildActionMask = 2147483647;
			files = (
			);
			runOnlyForDeploymentPostprocessing = 0;
		};
		A6CA2FA227F4C725009BF5E2 /* Resources */ = {
			isa = PBXResourcesBuildPhase;
			buildActionMask = 2147483647;
			files = (
			);
			runOnlyForDeploymentPostprocessing = 0;
		};
/* End PBXResourcesBuildPhase section */

/* Begin PBXShellScriptBuildPhase section */
		00D1803622233838F7298918 /* [CP] Embed Pods Frameworks */ = {
			isa = PBXShellScriptBuildPhase;
			buildActionMask = 2147483647;
			files = (
			);
			inputFileListPaths = (
				"${PODS_ROOT}/Target Support Files/Pods-RoveSoApple-RoveSoAppleUITests/Pods-RoveSoApple-RoveSoAppleUITests-frameworks-${CONFIGURATION}-input-files.xcfilelist",
			);
			name = "[CP] Embed Pods Frameworks";
			outputFileListPaths = (
				"${PODS_ROOT}/Target Support Files/Pods-RoveSoApple-RoveSoAppleUITests/Pods-RoveSoApple-RoveSoAppleUITests-frameworks-${CONFIGURATION}-output-files.xcfilelist",
			);
			runOnlyForDeploymentPostprocessing = 0;
			shellPath = /bin/sh;
			shellScript = "\"${PODS_ROOT}/Target Support Files/Pods-RoveSoApple-RoveSoAppleUITests/Pods-RoveSoApple-RoveSoAppleUITests-frameworks.sh\"\n";
			showEnvVarsInLog = 0;
		};
		25E602804F22F67E36282001 /* [CP] Check Pods Manifest.lock */ = {
			isa = PBXShellScriptBuildPhase;
			buildActionMask = 2147483647;
			files = (
			);
			inputFileListPaths = (
			);
			inputPaths = (
				"${PODS_PODFILE_DIR_PATH}/Podfile.lock",
				"${PODS_ROOT}/Manifest.lock",
			);
			name = "[CP] Check Pods Manifest.lock";
			outputFileListPaths = (
			);
			outputPaths = (
				"$(DERIVED_FILE_DIR)/Pods-RoveSoApple-RoveSoAppleUITests-checkManifestLockResult.txt",
			);
			runOnlyForDeploymentPostprocessing = 0;
			shellPath = /bin/sh;
			shellScript = "diff \"${PODS_PODFILE_DIR_PATH}/Podfile.lock\" \"${PODS_ROOT}/Manifest.lock\" > /dev/null\nif [ $? != 0 ] ; then\n    # print error to STDERR\n    echo \"error: The sandbox is not in sync with the Podfile.lock. Run 'pod install' or update your CocoaPods installation.\" >&2\n    exit 1\nfi\n# This output is used by Xcode 'outputs' to avoid re-running this script phase.\necho \"SUCCESS\" > \"${SCRIPT_OUTPUT_FILE_0}\"\n";
			showEnvVarsInLog = 0;
		};
		2618BAB6C5F0D89A48A643FD /* [CP] Check Pods Manifest.lock */ = {
			isa = PBXShellScriptBuildPhase;
			buildActionMask = 2147483647;
			files = (
			);
			inputFileListPaths = (
			);
			inputPaths = (
				"${PODS_PODFILE_DIR_PATH}/Podfile.lock",
				"${PODS_ROOT}/Manifest.lock",
			);
			name = "[CP] Check Pods Manifest.lock";
			outputFileListPaths = (
			);
			outputPaths = (
				"$(DERIVED_FILE_DIR)/Pods-RoveSoAppleTests-checkManifestLockResult.txt",
			);
			runOnlyForDeploymentPostprocessing = 0;
			shellPath = /bin/sh;
			shellScript = "diff \"${PODS_PODFILE_DIR_PATH}/Podfile.lock\" \"${PODS_ROOT}/Manifest.lock\" > /dev/null\nif [ $? != 0 ] ; then\n    # print error to STDERR\n    echo \"error: The sandbox is not in sync with the Podfile.lock. Run 'pod install' or update your CocoaPods installation.\" >&2\n    exit 1\nfi\n# This output is used by Xcode 'outputs' to avoid re-running this script phase.\necho \"SUCCESS\" > \"${SCRIPT_OUTPUT_FILE_0}\"\n";
			showEnvVarsInLog = 0;
		};
		88B21165852E527F2F2C5D7F /* [CP] Check Pods Manifest.lock */ = {
			isa = PBXShellScriptBuildPhase;
			buildActionMask = 2147483647;
			files = (
			);
			inputFileListPaths = (
			);
			inputPaths = (
				"${PODS_PODFILE_DIR_PATH}/Podfile.lock",
				"${PODS_ROOT}/Manifest.lock",
			);
			name = "[CP] Check Pods Manifest.lock";
			outputFileListPaths = (
			);
			outputPaths = (
				"$(DERIVED_FILE_DIR)/Pods-RoveSoApple-checkManifestLockResult.txt",
			);
			runOnlyForDeploymentPostprocessing = 0;
			shellPath = /bin/sh;
			shellScript = "diff \"${PODS_PODFILE_DIR_PATH}/Podfile.lock\" \"${PODS_ROOT}/Manifest.lock\" > /dev/null\nif [ $? != 0 ] ; then\n    # print error to STDERR\n    echo \"error: The sandbox is not in sync with the Podfile.lock. Run 'pod install' or update your CocoaPods installation.\" >&2\n    exit 1\nfi\n# This output is used by Xcode 'outputs' to avoid re-running this script phase.\necho \"SUCCESS\" > \"${SCRIPT_OUTPUT_FILE_0}\"\n";
			showEnvVarsInLog = 0;
		};
		D209AEDDF5749D4A662487DC /* [CP] Embed Pods Frameworks */ = {
			isa = PBXShellScriptBuildPhase;
			buildActionMask = 2147483647;
			files = (
			);
			inputFileListPaths = (
				"${PODS_ROOT}/Target Support Files/Pods-RoveSoApple/Pods-RoveSoApple-frameworks-${CONFIGURATION}-input-files.xcfilelist",
			);
			name = "[CP] Embed Pods Frameworks";
			outputFileListPaths = (
				"${PODS_ROOT}/Target Support Files/Pods-RoveSoApple/Pods-RoveSoApple-frameworks-${CONFIGURATION}-output-files.xcfilelist",
			);
			runOnlyForDeploymentPostprocessing = 0;
			shellPath = /bin/sh;
			shellScript = "\"${PODS_ROOT}/Target Support Files/Pods-RoveSoApple/Pods-RoveSoApple-frameworks.sh\"\n";
			showEnvVarsInLog = 0;
		};
/* End PBXShellScriptBuildPhase section */

/* Begin PBXSourcesBuildPhase section */
		A6CA2F8627F4C721009BF5E2 /* Sources */ = {
			isa = PBXSourcesBuildPhase;
			buildActionMask = 2147483647;
			files = (
				A6E2F41E27F73A69000987C7 /* Packet_Sender.swift in Sources */,
				A6C5C56727F4D82100243DBB /* SettingsView.swift in Sources */,
				A6CA2F9027F4C721009BF5E2 /* ContentView.swift in Sources */,
				A615B9C029545D6800333F17 /* LocationManager.swift in Sources */,
				A6CA2F8E27F4C721009BF5E2 /* RoveSoAppleApp.swift in Sources */,
				A6C5C56127F4D7D900243DBB /* DrivingView.swift in Sources */,
				A6C5C56327F4D80700243DBB /* EStopView.swift in Sources */,
				A6C5C56527F4D81400243DBB /* AutonomyView.swift in Sources */,
				A6E2F41C27F72DCC000987C7 /* Socket_Handler.swift in Sources */,
				A6C5C55F27F4D7CB00243DBB /* LightingView.swift in Sources */,
				A6ED19B327F4EE6C00933793 /* Constants.swift in Sources */,
			);
			runOnlyForDeploymentPostprocessing = 0;
		};
		A6CA2F9627F4C725009BF5E2 /* Sources */ = {
			isa = PBXSourcesBuildPhase;
			buildActionMask = 2147483647;
			files = (
				A6CA2F9F27F4C725009BF5E2 /* RoveSoAppleTests.swift in Sources */,
			);
			runOnlyForDeploymentPostprocessing = 0;
		};
		A6CA2FA027F4C725009BF5E2 /* Sources */ = {
			isa = PBXSourcesBuildPhase;
			buildActionMask = 2147483647;
			files = (
				A6CA2FA927F4C725009BF5E2 /* RoveSoAppleUITests.swift in Sources */,
				A6CA2FAB27F4C725009BF5E2 /* RoveSoAppleUITestsLaunchTests.swift in Sources */,
			);
			runOnlyForDeploymentPostprocessing = 0;
		};
/* End PBXSourcesBuildPhase section */

/* Begin PBXTargetDependency section */
		A6CA2F9C27F4C725009BF5E2 /* PBXTargetDependency */ = {
			isa = PBXTargetDependency;
			target = A6CA2F8927F4C721009BF5E2 /* RoveSoApple */;
			targetProxy = A6CA2F9B27F4C725009BF5E2 /* PBXContainerItemProxy */;
		};
		A6CA2FA627F4C725009BF5E2 /* PBXTargetDependency */ = {
			isa = PBXTargetDependency;
			target = A6CA2F8927F4C721009BF5E2 /* RoveSoApple */;
			targetProxy = A6CA2FA527F4C725009BF5E2 /* PBXContainerItemProxy */;
		};
/* End PBXTargetDependency section */

/* Begin XCBuildConfiguration section */
		A6CA2FAC27F4C725009BF5E2 /* Debug */ = {
			isa = XCBuildConfiguration;
			buildSettings = {
				ALWAYS_SEARCH_USER_PATHS = NO;
				CLANG_ANALYZER_NONNULL = YES;
				CLANG_ANALYZER_NUMBER_OBJECT_CONVERSION = YES_AGGRESSIVE;
				CLANG_CXX_LANGUAGE_STANDARD = "gnu++17";
				CLANG_ENABLE_MODULES = YES;
				CLANG_ENABLE_OBJC_ARC = YES;
				CLANG_ENABLE_OBJC_WEAK = YES;
				CLANG_WARN_BLOCK_CAPTURE_AUTORELEASING = YES;
				CLANG_WARN_BOOL_CONVERSION = YES;
				CLANG_WARN_COMMA = YES;
				CLANG_WARN_CONSTANT_CONVERSION = YES;
				CLANG_WARN_DEPRECATED_OBJC_IMPLEMENTATIONS = YES;
				CLANG_WARN_DIRECT_OBJC_ISA_USAGE = YES_ERROR;
				CLANG_WARN_DOCUMENTATION_COMMENTS = YES;
				CLANG_WARN_EMPTY_BODY = YES;
				CLANG_WARN_ENUM_CONVERSION = YES;
				CLANG_WARN_INFINITE_RECURSION = YES;
				CLANG_WARN_INT_CONVERSION = YES;
				CLANG_WARN_NON_LITERAL_NULL_CONVERSION = YES;
				CLANG_WARN_OBJC_IMPLICIT_RETAIN_SELF = YES;
				CLANG_WARN_OBJC_LITERAL_CONVERSION = YES;
				CLANG_WARN_OBJC_ROOT_CLASS = YES_ERROR;
				CLANG_WARN_QUOTED_INCLUDE_IN_FRAMEWORK_HEADER = YES;
				CLANG_WARN_RANGE_LOOP_ANALYSIS = YES;
				CLANG_WARN_STRICT_PROTOTYPES = YES;
				CLANG_WARN_SUSPICIOUS_MOVE = YES;
				CLANG_WARN_UNGUARDED_AVAILABILITY = YES_AGGRESSIVE;
				CLANG_WARN_UNREACHABLE_CODE = YES;
				CLANG_WARN__DUPLICATE_METHOD_MATCH = YES;
				COPY_PHASE_STRIP = NO;
				DEBUG_INFORMATION_FORMAT = dwarf;
				ENABLE_STRICT_OBJC_MSGSEND = YES;
				ENABLE_TESTABILITY = YES;
				GCC_C_LANGUAGE_STANDARD = gnu11;
				GCC_DYNAMIC_NO_PIC = NO;
				GCC_NO_COMMON_BLOCKS = YES;
				GCC_OPTIMIZATION_LEVEL = 0;
				GCC_PREPROCESSOR_DEFINITIONS = (
					"DEBUG=1",
					"$(inherited)",
				);
				GCC_WARN_64_TO_32_BIT_CONVERSION = YES;
				GCC_WARN_ABOUT_RETURN_TYPE = YES_ERROR;
				GCC_WARN_UNDECLARED_SELECTOR = YES;
				GCC_WARN_UNINITIALIZED_AUTOS = YES_AGGRESSIVE;
				GCC_WARN_UNUSED_FUNCTION = YES;
				GCC_WARN_UNUSED_VARIABLE = YES;
				IPHONEOS_DEPLOYMENT_TARGET = 15.4;
				MTL_ENABLE_DEBUG_INFO = INCLUDE_SOURCE;
				MTL_FAST_MATH = YES;
				ONLY_ACTIVE_ARCH = YES;
				SDKROOT = iphoneos;
				SWIFT_ACTIVE_COMPILATION_CONDITIONS = DEBUG;
				SWIFT_OPTIMIZATION_LEVEL = "-Onone";
			};
			name = Debug;
		};
		A6CA2FAD27F4C725009BF5E2 /* Release */ = {
			isa = XCBuildConfiguration;
			buildSettings = {
				ALWAYS_SEARCH_USER_PATHS = NO;
				CLANG_ANALYZER_NONNULL = YES;
				CLANG_ANALYZER_NUMBER_OBJECT_CONVERSION = YES_AGGRESSIVE;
				CLANG_CXX_LANGUAGE_STANDARD = "gnu++17";
				CLANG_ENABLE_MODULES = YES;
				CLANG_ENABLE_OBJC_ARC = YES;
				CLANG_ENABLE_OBJC_WEAK = YES;
				CLANG_WARN_BLOCK_CAPTURE_AUTORELEASING = YES;
				CLANG_WARN_BOOL_CONVERSION = YES;
				CLANG_WARN_COMMA = YES;
				CLANG_WARN_CONSTANT_CONVERSION = YES;
				CLANG_WARN_DEPRECATED_OBJC_IMPLEMENTATIONS = YES;
				CLANG_WARN_DIRECT_OBJC_ISA_USAGE = YES_ERROR;
				CLANG_WARN_DOCUMENTATION_COMMENTS = YES;
				CLANG_WARN_EMPTY_BODY = YES;
				CLANG_WARN_ENUM_CONVERSION = YES;
				CLANG_WARN_INFINITE_RECURSION = YES;
				CLANG_WARN_INT_CONVERSION = YES;
				CLANG_WARN_NON_LITERAL_NULL_CONVERSION = YES;
				CLANG_WARN_OBJC_IMPLICIT_RETAIN_SELF = YES;
				CLANG_WARN_OBJC_LITERAL_CONVERSION = YES;
				CLANG_WARN_OBJC_ROOT_CLASS = YES_ERROR;
				CLANG_WARN_QUOTED_INCLUDE_IN_FRAMEWORK_HEADER = YES;
				CLANG_WARN_RANGE_LOOP_ANALYSIS = YES;
				CLANG_WARN_STRICT_PROTOTYPES = YES;
				CLANG_WARN_SUSPICIOUS_MOVE = YES;
				CLANG_WARN_UNGUARDED_AVAILABILITY = YES_AGGRESSIVE;
				CLANG_WARN_UNREACHABLE_CODE = YES;
				CLANG_WARN__DUPLICATE_METHOD_MATCH = YES;
				COPY_PHASE_STRIP = NO;
				DEBUG_INFORMATION_FORMAT = "dwarf-with-dsym";
				ENABLE_NS_ASSERTIONS = NO;
				ENABLE_STRICT_OBJC_MSGSEND = YES;
				GCC_C_LANGUAGE_STANDARD = gnu11;
				GCC_NO_COMMON_BLOCKS = YES;
				GCC_WARN_64_TO_32_BIT_CONVERSION = YES;
				GCC_WARN_ABOUT_RETURN_TYPE = YES_ERROR;
				GCC_WARN_UNDECLARED_SELECTOR = YES;
				GCC_WARN_UNINITIALIZED_AUTOS = YES_AGGRESSIVE;
				GCC_WARN_UNUSED_FUNCTION = YES;
				GCC_WARN_UNUSED_VARIABLE = YES;
				IPHONEOS_DEPLOYMENT_TARGET = 15.4;
				MTL_ENABLE_DEBUG_INFO = NO;
				MTL_FAST_MATH = YES;
				SDKROOT = iphoneos;
				SWIFT_COMPILATION_MODE = wholemodule;
				SWIFT_OPTIMIZATION_LEVEL = "-O";
				VALIDATE_PRODUCT = YES;
			};
			name = Release;
		};
		A6CA2FAF27F4C725009BF5E2 /* Debug */ = {
			isa = XCBuildConfiguration;
			baseConfigurationReference = 4694C58F88F9975D22635D8F /* Pods-RoveSoApple.debug.xcconfig */;
			buildSettings = {
				ASSETCATALOG_COMPILER_APPICON_NAME = AppIcon;
				ASSETCATALOG_COMPILER_GLOBAL_ACCENT_COLOR_NAME = AccentColor;
				CLANG_ENABLE_MODULES = YES;
				CODE_SIGN_STYLE = Automatic;
				CURRENT_PROJECT_VERSION = 1;
				DEVELOPMENT_ASSET_PATHS = "\"RoveSoApple/Preview Content\"";
				DEVELOPMENT_TEAM = 9Y99F7S9M9;
				ENABLE_PREVIEWS = YES;
				GENERATE_INFOPLIST_FILE = YES;
				INFOPLIST_FILE = RoveSoApple/Info.plist;
				INFOPLIST_KEY_UIApplicationSupportsIndirectInputEvents = YES;
				INFOPLIST_KEY_UIRequiresFullScreen = NO;
				INFOPLIST_KEY_UISupportedInterfaceOrientations = "UIInterfaceOrientationLandscapeLeft UIInterfaceOrientationLandscapeRight";
				INFOPLIST_KEY_UISupportedInterfaceOrientations_iPad = "UIInterfaceOrientationPortrait UIInterfaceOrientationPortraitUpsideDown UIInterfaceOrientationLandscapeLeft UIInterfaceOrientationLandscapeRight";
				INFOPLIST_KEY_UISupportedInterfaceOrientations_iPhone = "UIInterfaceOrientationLandscapeLeft UIInterfaceOrientationLandscapeRight";
				LD_RUNPATH_SEARCH_PATHS = (
					"$(inherited)",
					"@executable_path/Frameworks",
				);
				MARKETING_VERSION = 1.0;
				PRODUCT_BUNDLE_IDENTIFIER = com.ByrdnestStudios.RoveSoApple;
				PRODUCT_NAME = "$(TARGET_NAME)";
				SWIFT_EMIT_LOC_STRINGS = YES;
				SWIFT_OPTIMIZATION_LEVEL = "-Onone";
				SWIFT_VERSION = 5.0;
				TARGETED_DEVICE_FAMILY = "1,2";
			};
			name = Debug;
		};
		A6CA2FB027F4C725009BF5E2 /* Release */ = {
			isa = XCBuildConfiguration;
			baseConfigurationReference = CBE1A6E4DDD598FAB2750DF1 /* Pods-RoveSoApple.release.xcconfig */;
			buildSettings = {
				ASSETCATALOG_COMPILER_APPICON_NAME = AppIcon;
				ASSETCATALOG_COMPILER_GLOBAL_ACCENT_COLOR_NAME = AccentColor;
				CLANG_ENABLE_MODULES = YES;
				CODE_SIGN_STYLE = Automatic;
				CURRENT_PROJECT_VERSION = 1;
				DEVELOPMENT_ASSET_PATHS = "\"RoveSoApple/Preview Content\"";
				DEVELOPMENT_TEAM = 9Y99F7S9M9;
				ENABLE_PREVIEWS = YES;
				GENERATE_INFOPLIST_FILE = YES;
				INFOPLIST_FILE = RoveSoApple/Info.plist;
				INFOPLIST_KEY_UIApplicationSupportsIndirectInputEvents = YES;
				INFOPLIST_KEY_UIRequiresFullScreen = NO;
				INFOPLIST_KEY_UISupportedInterfaceOrientations = "UIInterfaceOrientationLandscapeLeft UIInterfaceOrientationLandscapeRight";
				INFOPLIST_KEY_UISupportedInterfaceOrientations_iPad = "UIInterfaceOrientationPortrait UIInterfaceOrientationPortraitUpsideDown UIInterfaceOrientationLandscapeLeft UIInterfaceOrientationLandscapeRight";
				INFOPLIST_KEY_UISupportedInterfaceOrientations_iPhone = "UIInterfaceOrientationLandscapeLeft UIInterfaceOrientationLandscapeRight";
				LD_RUNPATH_SEARCH_PATHS = (
					"$(inherited)",
					"@executable_path/Frameworks",
				);
				MARKETING_VERSION = 1.0;
				PRODUCT_BUNDLE_IDENTIFIER = com.ByrdnestStudios.RoveSoApple;
				PRODUCT_NAME = "$(TARGET_NAME)";
				SWIFT_EMIT_LOC_STRINGS = YES;
				SWIFT_VERSION = 5.0;
				TARGETED_DEVICE_FAMILY = "1,2";
			};
			name = Release;
		};
		A6CA2FB227F4C725009BF5E2 /* Debug */ = {
			isa = XCBuildConfiguration;
			baseConfigurationReference = E79F163DEBED51AE78E9D24B /* Pods-RoveSoAppleTests.debug.xcconfig */;
			buildSettings = {
				ALWAYS_EMBED_SWIFT_STANDARD_LIBRARIES = YES;
				BUNDLE_LOADER = "$(TEST_HOST)";
				CODE_SIGN_STYLE = Automatic;
				CURRENT_PROJECT_VERSION = 1;
				DEVELOPMENT_TEAM = ACN9XCJST6;
				GENERATE_INFOPLIST_FILE = YES;
				IPHONEOS_DEPLOYMENT_TARGET = 15.4;
				MARKETING_VERSION = 1.0;
				PRODUCT_BUNDLE_IDENTIFIER = com.ByrdnestStudios.RoveSoAppleTests;
				PRODUCT_NAME = "$(TARGET_NAME)";
				SWIFT_EMIT_LOC_STRINGS = NO;
				SWIFT_VERSION = 5.0;
				TARGETED_DEVICE_FAMILY = "1,2";
				TEST_HOST = "$(BUILT_PRODUCTS_DIR)/RoveSoApple.app/RoveSoApple";
			};
			name = Debug;
		};
		A6CA2FB327F4C725009BF5E2 /* Release */ = {
			isa = XCBuildConfiguration;
			baseConfigurationReference = 6265CB480EE342272D4FDB6F /* Pods-RoveSoAppleTests.release.xcconfig */;
			buildSettings = {
				ALWAYS_EMBED_SWIFT_STANDARD_LIBRARIES = YES;
				BUNDLE_LOADER = "$(TEST_HOST)";
				CODE_SIGN_STYLE = Automatic;
				CURRENT_PROJECT_VERSION = 1;
				DEVELOPMENT_TEAM = ACN9XCJST6;
				GENERATE_INFOPLIST_FILE = YES;
				IPHONEOS_DEPLOYMENT_TARGET = 15.4;
				MARKETING_VERSION = 1.0;
				PRODUCT_BUNDLE_IDENTIFIER = com.ByrdnestStudios.RoveSoAppleTests;
				PRODUCT_NAME = "$(TARGET_NAME)";
				SWIFT_EMIT_LOC_STRINGS = NO;
				SWIFT_VERSION = 5.0;
				TARGETED_DEVICE_FAMILY = "1,2";
				TEST_HOST = "$(BUILT_PRODUCTS_DIR)/RoveSoApple.app/RoveSoApple";
			};
			name = Release;
		};
		A6CA2FB527F4C725009BF5E2 /* Debug */ = {
			isa = XCBuildConfiguration;
			baseConfigurationReference = 1F7381BD316CFC9AF016E4BF /* Pods-RoveSoApple-RoveSoAppleUITests.debug.xcconfig */;
			buildSettings = {
				ALWAYS_EMBED_SWIFT_STANDARD_LIBRARIES = YES;
				CODE_SIGN_STYLE = Automatic;
				CURRENT_PROJECT_VERSION = 1;
				DEVELOPMENT_TEAM = ACN9XCJST6;
				GENERATE_INFOPLIST_FILE = YES;
				MARKETING_VERSION = 1.0;
				PRODUCT_BUNDLE_IDENTIFIER = com.ByrdnestStudios.RoveSoAppleUITests;
				PRODUCT_NAME = "$(TARGET_NAME)";
				SWIFT_EMIT_LOC_STRINGS = NO;
				SWIFT_VERSION = 5.0;
				TARGETED_DEVICE_FAMILY = "1,2";
				TEST_TARGET_NAME = RoveSoApple;
			};
			name = Debug;
		};
		A6CA2FB627F4C725009BF5E2 /* Release */ = {
			isa = XCBuildConfiguration;
			baseConfigurationReference = 0E967D4E50BDBE53EABE95F5 /* Pods-RoveSoApple-RoveSoAppleUITests.release.xcconfig */;
			buildSettings = {
				ALWAYS_EMBED_SWIFT_STANDARD_LIBRARIES = YES;
				CODE_SIGN_STYLE = Automatic;
				CURRENT_PROJECT_VERSION = 1;
				DEVELOPMENT_TEAM = ACN9XCJST6;
				GENERATE_INFOPLIST_FILE = YES;
				MARKETING_VERSION = 1.0;
				PRODUCT_BUNDLE_IDENTIFIER = com.ByrdnestStudios.RoveSoAppleUITests;
				PRODUCT_NAME = "$(TARGET_NAME)";
				SWIFT_EMIT_LOC_STRINGS = NO;
				SWIFT_VERSION = 5.0;
				TARGETED_DEVICE_FAMILY = "1,2";
				TEST_TARGET_NAME = RoveSoApple;
			};
			name = Release;
		};
/* End XCBuildConfiguration section */

/* Begin XCConfigurationList section */
		A6CA2F8527F4C721009BF5E2 /* Build configuration list for PBXProject "RoveSoApple" */ = {
			isa = XCConfigurationList;
			buildConfigurations = (
				A6CA2FAC27F4C725009BF5E2 /* Debug */,
				A6CA2FAD27F4C725009BF5E2 /* Release */,
			);
			defaultConfigurationIsVisible = 0;
			defaultConfigurationName = Release;
		};
		A6CA2FAE27F4C725009BF5E2 /* Build configuration list for PBXNativeTarget "RoveSoApple" */ = {
			isa = XCConfigurationList;
			buildConfigurations = (
				A6CA2FAF27F4C725009BF5E2 /* Debug */,
				A6CA2FB027F4C725009BF5E2 /* Release */,
			);
			defaultConfigurationIsVisible = 0;
			defaultConfigurationName = Release;
		};
		A6CA2FB127F4C725009BF5E2 /* Build configuration list for PBXNativeTarget "RoveSoAppleTests" */ = {
			isa = XCConfigurationList;
			buildConfigurations = (
				A6CA2FB227F4C725009BF5E2 /* Debug */,
				A6CA2FB327F4C725009BF5E2 /* Release */,
			);
			defaultConfigurationIsVisible = 0;
			defaultConfigurationName = Release;
		};
		A6CA2FB427F4C725009BF5E2 /* Build configuration list for PBXNativeTarget "RoveSoAppleUITests" */ = {
			isa = XCConfigurationList;
			buildConfigurations = (
				A6CA2FB527F4C725009BF5E2 /* Debug */,
				A6CA2FB627F4C725009BF5E2 /* Release */,
			);
			defaultConfigurationIsVisible = 0;
			defaultConfigurationName = Release;
		};
/* End XCConfigurationList section */

/* Begin XCRemoteSwiftPackageReference section */
		A615B9BC2954398600333F17 /* XCRemoteSwiftPackageReference "swiftui-sliders" */ = {
			isa = XCRemoteSwiftPackageReference;
			repositoryURL = "https://github.com/spacenation/swiftui-sliders";
			requirement = {
				branch = main;
				kind = branch;
			};
		};
/* End XCRemoteSwiftPackageReference section */

/* Begin XCSwiftPackageProductDependency section */
		A615B9BD2954398600333F17 /* Sliders */ = {
			isa = XCSwiftPackageProductDependency;
			package = A615B9BC2954398600333F17 /* XCRemoteSwiftPackageReference "swiftui-sliders" */;
			productName = Sliders;
		};
/* End XCSwiftPackageProductDependency section */
	};
	rootObject = A6CA2F8227F4C721009BF5E2 /* Project object */;
}
